
Microsoft Visual Studio Solution File, Format Version 12.00
# Visual Studio Version 17
VisualStudioVersion = 17.9.34701.34
MinimumVisualStudioVersion = 10.0.40219.1
Project("{8BC9CEB8-8B4A-11D0-8D11-00A0C91BC942}") = "PDA-Injector", "PDA-Injector.vcxproj", "{31ADF014-9765-425F-B523-4F5624DA53FA}"
EndProject
Global
	GlobalSection(SolutionConfigurationPlatforms) = preSolution
		DebugProxy|x64 = DebugProxy|x64
		DebugProxy|x86 = DebugProxy|x86
		ReleaseProxy|x64 = ReleaseProxy|x64
		ReleaseProxy|x86 = ReleaseProxy|x86
	EndGlobalSection
	GlobalSection(ProjectConfigurationPlatforms) = postSolution
		{31ADF014-9765-425F-B523-4F5624DA53FA}.DebugProxy|x64.ActiveCfg = DebugProxy|x64
		{31ADF014-9765-425F-B523-4F5624DA53FA}.DebugProxy|x64.Build.0 = DebugProxy|x64
		{31ADF014-9765-425F-B523-4F5624DA53FA}.DebugProxy|x86.ActiveCfg = ReleaseProxy|Win32
		{31ADF014-9765-425F-B523-4F5624DA53FA}.DebugProxy|x86.Build.0 = ReleaseProxy|Win32
		{31ADF014-9765-425F-B523-4F5624DA53FA}.ReleaseProxy|x64.ActiveCfg = ReleaseProxy|x64
		{31ADF014-9765-425F-B523-4F5624DA53FA}.ReleaseProxy|x64.Build.0 = ReleaseProxy|x64
		{31ADF014-9765-425F-B523-4F5624DA53FA}.ReleaseProxy|x86.ActiveCfg = ReleaseProxy|Win32
		{31ADF014-9765-425F-B523-4F5624DA53FA}.ReleaseProxy|x86.Build.0 = ReleaseProxy|Win32
	EndGlobalSection
	GlobalSection(SolutionProperties) = preSolution
		HideSolutionNode = FALSE
	EndGlobalSection
	GlobalSection(ExtensibilityGlobals) = postSolution
		SolutionGuid = {E648E9BD-CE53-46BC-AB65-F658E7C6BF22}
	EndGlobalSection
EndGlobal
